// !$*UTF8*$!
{
	archiveVersion = 1;
	classes = {
	};
	objectVersion = 50;
	objects = {

/* Begin PBXBuildFile section */
		A11D6E77241D4EB3007A8E5D /* ListViewController.swift in Sources */ = {isa = PBXBuildFile; fileRef = A11D6E76241D4EB3007A8E5D /* ListViewController.swift */; };
		A17BB36A241973FB00A271FE /* ChargingPoint.swift in Sources */ = {isa = PBXBuildFile; fileRef = A17BB369241973FB00A271FE /* ChargingPoint.swift */; };
		A17BB36C241978C000A271FE /* FormViewController.swift in Sources */ = {isa = PBXBuildFile; fileRef = A17BB36B241978C000A271FE /* FormViewController.swift */; };
		A1A93D42241D034C0083FF90 /* ChargingPointsService.swift in Sources */ = {isa = PBXBuildFile; fileRef = A1A93D41241D034C0083FF90 /* ChargingPointsService.swift */; };
		A1A93D44241D07D20083FF90 /* ChargingPointListItem.swift in Sources */ = {isa = PBXBuildFile; fileRef = A1A93D43241D07D20083FF90 /* ChargingPointListItem.swift */; };
		A1D07F6724181B70008ED1AE /* AppDelegate.swift in Sources */ = {isa = PBXBuildFile; fileRef = A1D07F6624181B70008ED1AE /* AppDelegate.swift */; };
		A1D07F6924181B70008ED1AE /* SceneDelegate.swift in Sources */ = {isa = PBXBuildFile; fileRef = A1D07F6824181B70008ED1AE /* SceneDelegate.swift */; };
		A1D07F6B24181B70008ED1AE /* MapViewController.swift in Sources */ = {isa = PBXBuildFile; fileRef = A1D07F6A24181B70008ED1AE /* MapViewController.swift */; };
		A1D07F6E24181B70008ED1AE /* Main.storyboard in Resources */ = {isa = PBXBuildFile; fileRef = A1D07F6C24181B70008ED1AE /* Main.storyboard */; };
		A1D07F7024181B74008ED1AE /* Assets.xcassets in Resources */ = {isa = PBXBuildFile; fileRef = A1D07F6F24181B74008ED1AE /* Assets.xcassets */; };
		A1D07F7324181B74008ED1AE /* LaunchScreen.storyboard in Resources */ = {isa = PBXBuildFile; fileRef = A1D07F7124181B74008ED1AE /* LaunchScreen.storyboard */; };
/* End PBXBuildFile section */

/* Begin PBXFileReference section */
		A11D6E76241D4EB3007A8E5D /* ListViewController.swift */ = {isa = PBXFileReference; lastKnownFileType = sourcecode.swift; path = ListViewController.swift; sourceTree = "<group>"; };
		A17BB369241973FB00A271FE /* ChargingPoint.swift */ = {isa = PBXFileReference; lastKnownFileType = sourcecode.swift; path = ChargingPoint.swift; sourceTree = "<group>"; };
		A17BB36B241978C000A271FE /* FormViewController.swift */ = {isa = PBXFileReference; lastKnownFileType = sourcecode.swift; path = FormViewController.swift; sourceTree = "<group>"; };
		A1A93D41241D034C0083FF90 /* ChargingPointsService.swift */ = {isa = PBXFileReference; lastKnownFileType = sourcecode.swift; path = ChargingPointsService.swift; sourceTree = "<group>"; };
		A1A93D43241D07D20083FF90 /* ChargingPointListItem.swift */ = {isa = PBXFileReference; lastKnownFileType = sourcecode.swift; path = ChargingPointListItem.swift; sourceTree = "<group>"; };
		A1D07F6324181B70008ED1AE /* ElectroPoints.app */ = {isa = PBXFileReference; explicitFileType = wrapper.application; includeInIndex = 0; path = ElectroPoints.app; sourceTree = BUILT_PRODUCTS_DIR; };
		A1D07F6624181B70008ED1AE /* AppDelegate.swift */ = {isa = PBXFileReference; lastKnownFileType = sourcecode.swift; path = AppDelegate.swift; sourceTree = "<group>"; };
		A1D07F6824181B70008ED1AE /* SceneDelegate.swift */ = {isa = PBXFileReference; lastKnownFileType = sourcecode.swift; path = SceneDelegate.swift; sourceTree = "<group>"; };
		A1D07F6A24181B70008ED1AE /* MapViewController.swift */ = {isa = PBXFileReference; lastKnownFileType = sourcecode.swift; path = MapViewController.swift; sourceTree = "<group>"; };
		A1D07F6D24181B70008ED1AE /* Base */ = {isa = PBXFileReference; lastKnownFileType = file.storyboard; name = Base; path = Base.lproj/Main.storyboard; sourceTree = "<group>"; };
		A1D07F6F24181B74008ED1AE /* Assets.xcassets */ = {isa = PBXFileReference; lastKnownFileType = folder.assetcatalog; path = Assets.xcassets; sourceTree = "<group>"; };
		A1D07F7224181B74008ED1AE /* Base */ = {isa = PBXFileReference; lastKnownFileType = file.storyboard; name = Base; path = Base.lproj/LaunchScreen.storyboard; sourceTree = "<group>"; };
		A1D07F7424181B74008ED1AE /* Info.plist */ = {isa = PBXFileReference; lastKnownFileType = text.plist.xml; path = Info.plist; sourceTree = "<group>"; };
/* End PBXFileReference section */

/* Begin PBXFrameworksBuildPhase section */
		A1D07F6024181B70008ED1AE /* Frameworks */ = {
			isa = PBXFrameworksBuildPhase;
			buildActionMask = 2147483647;
			files = (
			);
			runOnlyForDeploymentPostprocessing = 0;
		};
/* End PBXFrameworksBuildPhase section */

/* Begin PBXGroup section */
		A1D07F5A24181B70008ED1AE = {
			isa = PBXGroup;
			children = (
				A1D07F6524181B70008ED1AE /* ElectroPoints */,
				A1D07F6424181B70008ED1AE /* Products */,
			);
			sourceTree = "<group>";
		};
		A1D07F6424181B70008ED1AE /* Products */ = {
			isa = PBXGroup;
			children = (
				A1D07F6324181B70008ED1AE /* ElectroPoints.app */,
			);
			name = Products;
			sourceTree = "<group>";
		};
		A1D07F6524181B70008ED1AE /* ElectroPoints */ = {
			isa = PBXGroup;
			children = (
				A1D07F6F24181B74008ED1AE /* Assets.xcassets */,
				A17BB369241973FB00A271FE /* ChargingPoint.swift */,
				A1A93D43241D07D20083FF90 /* ChargingPointListItem.swift */,
				A1A93D41241D034C0083FF90 /* ChargingPointsService.swift */,
				A17BB36B241978C000A271FE /* FormViewController.swift */,
				A1D07F7424181B74008ED1AE /* Info.plist */,
				A11D6E76241D4EB3007A8E5D /* ListViewController.swift */,
				A1D07F6C24181B70008ED1AE /* Main.storyboard */,
				A1D07F6A24181B70008ED1AE /* MapViewController.swift */,
				A1D07F6824181B70008ED1AE /* SceneDelegate.swift */,
				A1D07F7A24181BA0008ED1AE /* SupportingFiles */,
			);
			path = ElectroPoints;
			sourceTree = "<group>";
		};
		A1D07F7A24181BA0008ED1AE /* SupportingFiles */ = {
			isa = PBXGroup;
			children = (
				A1D07F6624181B70008ED1AE /* AppDelegate.swift */,
				A1D07F7124181B74008ED1AE /* LaunchScreen.storyboard */,
			);
			path = SupportingFiles;
			sourceTree = "<group>";
		};
/* End PBXGroup section */

/* Begin PBXNativeTarget section */
		A1D07F6224181B70008ED1AE /* ElectroPoints */ = {
			isa = PBXNativeTarget;
			buildConfigurationList = A1D07F7724181B74008ED1AE /* Build configuration list for PBXNativeTarget "ElectroPoints" */;
			buildPhases = (
				A1D07F5F24181B70008ED1AE /* Sources */,
				A1D07F6024181B70008ED1AE /* Frameworks */,
				A1D07F6124181B70008ED1AE /* Resources */,
			);
			buildRules = (
			);
			dependencies = (
			);
			name = ElectroPoints;
			productName = ElectroPoints;
			productReference = A1D07F6324181B70008ED1AE /* ElectroPoints.app */;
			productType = "com.apple.product-type.application";
		};
/* End PBXNativeTarget section */

/* Begin PBXProject section */
		A1D07F5B24181B70008ED1AE /* Project object */ = {
			isa = PBXProject;
			attributes = {
				LastSwiftUpdateCheck = 1130;
				LastUpgradeCheck = 1130;
				ORGANIZATIONNAME = "Airam Rguez";
				TargetAttributes = {
					A1D07F6224181B70008ED1AE = {
						CreatedOnToolsVersion = 11.3;
					};
				};
			};
			buildConfigurationList = A1D07F5E24181B70008ED1AE /* Build configuration list for PBXProject "ElectroPoints" */;
			compatibilityVersion = "Xcode 9.3";
			developmentRegion = en;
			hasScannedForEncodings = 0;
			knownRegions = (
				en,
				Base,
			);
			mainGroup = A1D07F5A24181B70008ED1AE;
			productRefGroup = A1D07F6424181B70008ED1AE /* Products */;
			projectDirPath = "";
			projectRoot = "";
			targets = (
				A1D07F6224181B70008ED1AE /* ElectroPoints */,
			);
		};
/* End PBXProject section */

/* Begin PBXResourcesBuildPhase section */
		A1D07F6124181B70008ED1AE /* Resources */ = {
			isa = PBXResourcesBuildPhase;
			buildActionMask = 2147483647;
			files = (
				A1D07F7324181B74008ED1AE /* LaunchScreen.storyboard in Resources */,
				A1D07F7024181B74008ED1AE /* Assets.xcassets in Resources */,
				A1D07F6E24181B70008ED1AE /* Main.storyboard in Resources */,
			);
			runOnlyForDeploymentPostprocessing = 0;
		};
/* End PBXResourcesBuildPhase section */

/* Begin PBXSourcesBuildPhase section */
		A1D07F5F24181B70008ED1AE /* Sources */ = {
			isa = PBXSourcesBuildPhase;
			buildActionMask = 2147483647;
			files = (
				A1D07F6B24181B70008ED1AE /* MapViewController.swift in Sources */,
				A1D07F6724181B70008ED1AE /* AppDelegate.swift in Sources */,
				A1D07F6924181B70008ED1AE /* SceneDelegate.swift in Sources */,
				A1A93D42241D034C0083FF90 /* ChargingPointsService.swift in Sources */,
				A17BB36C241978C000A271FE /* FormViewController.swift in Sources */,
				A1A93D44241D07D20083FF90 /* ChargingPointListItem.swift in Sources */,
				A11D6E77241D4EB3007A8E5D /* ListViewController.swift in Sources */,
				A17BB36A241973FB00A271FE /* ChargingPoint.swift in Sources */,
			);
			runOnlyForDeploymentPostprocessing = 0;
		};
/* End PBXSourcesBuildPhase section */

/* Begin PBXVariantGroup section */
		A1D07F6C24181B70008ED1AE /* Main.storyboard */ = {
			isa = PBXVariantGroup;
			children = (
				A1D07F6D24181B70008ED1AE /* Base */,
			);
			name = Main.storyboard;
			sourceTree = "<group>";
		};
		A1D07F7124181B74008ED1AE /* LaunchScreen.storyboard */ = {
			isa = PBXVariantGroup;
			children = (
				A1D07F7224181B74008ED1AE /* Base */,
			);
			name = LaunchScreen.storyboard;
			sourceTree = "<group>";
		};
/* End PBXVariantGroup section */

/* Begin XCBuildConfiguration section */
		A1D07F7524181B74008ED1AE /* Debug */ = {
			isa = XCBuildConfiguration;
			buildSettings = {
				ALWAYS_SEARCH_USER_PATHS = NO;
				CLANG_ANALYZER_NONNULL = YES;
				CLANG_ANALYZER_NUMBER_OBJECT_CONVERSION = YES_AGGRESSIVE;
				CLANG_CXX_LANGUAGE_STANDARD = "gnu++14";
				CLANG_CXX_LIBRARY = "libc++";
				CLANG_ENABLE_MODULES = YES;
				CLANG_ENABLE_OBJC_ARC = YES;
				CLANG_ENABLE_OBJC_WEAK = YES;
				CLANG_WARN_BLOCK_CAPTURE_AUTORELEASING = YES;
				CLANG_WARN_BOOL_CONVERSION = YES;
				CLANG_WARN_COMMA = YES;
				CLANG_WARN_CONSTANT_CONVERSION = YES;
				CLANG_WARN_DEPRECATED_OBJC_IMPLEMENTATIONS = YES;
				CLANG_WARN_DIRECT_OBJC_ISA_USAGE = YES_ERROR;
				CLANG_WARN_DOCUMENTATION_COMMENTS = YES;
				CLANG_WARN_EMPTY_BODY = YES;
				CLANG_WARN_ENUM_CONVERSION = YES;
				CLANG_WARN_INFINITE_RECURSION = YES;
				CLANG_WARN_INT_CONVERSION = YES;
				CLANG_WARN_NON_LITERAL_NULL_CONVERSION = YES;
				CLANG_WARN_OBJC_IMPLICIT_RETAIN_SELF = YES;
				CLANG_WARN_OBJC_LITERAL_CONVERSION = YES;
				CLANG_WARN_OBJC_ROOT_CLASS = YES_ERROR;
				CLANG_WARN_RANGE_LOOP_ANALYSIS = YES;
				CLANG_WARN_STRICT_PROTOTYPES = YES;
				CLANG_WARN_SUSPICIOUS_MOVE = YES;
				CLANG_WARN_UNGUARDED_AVAILABILITY = YES_AGGRESSIVE;
				CLANG_WARN_UNREACHABLE_CODE = YES;
				CLANG_WARN__DUPLICATE_METHOD_MATCH = YES;
				COPY_PHASE_STRIP = NO;
				DEBUG_INFORMATION_FORMAT = dwarf;
				ENABLE_STRICT_OBJC_MSGSEND = YES;
				ENABLE_TESTABILITY = YES;
				GCC_C_LANGUAGE_STANDARD = gnu11;
				GCC_DYNAMIC_NO_PIC = NO;
				GCC_NO_COMMON_BLOCKS = YES;
				GCC_OPTIMIZATION_LEVEL = 0;
				GCC_PREPROCESSOR_DEFINITIONS = (
					"DEBUG=1",
					"$(inherited)",
				);
				GCC_WARN_64_TO_32_BIT_CONVERSION = YES;
				GCC_WARN_ABOUT_RETURN_TYPE = YES_ERROR;
				GCC_WARN_UNDECLARED_SELECTOR = YES;
				GCC_WARN_UNINITIALIZED_AUTOS = YES_AGGRESSIVE;
				GCC_WARN_UNUSED_FUNCTION = YES;
				GCC_WARN_UNUSED_VARIABLE = YES;
				IPHONEOS_DEPLOYMENT_TARGET = 13.2;
				MTL_ENABLE_DEBUG_INFO = INCLUDE_SOURCE;
				MTL_FAST_MATH = YES;
				ONLY_ACTIVE_ARCH = YES;
				SDKROOT = iphoneos;
				SWIFT_ACTIVE_COMPILATION_CONDITIONS = DEBUG;
				SWIFT_OPTIMIZATION_LEVEL = "-Onone";
			};
			name = Debug;
		};
		A1D07F7624181B74008ED1AE /* Release */ = {
			isa = XCBuildConfiguration;
			buildSettings = {
				ALWAYS_SEARCH_USER_PATHS = NO;
				CLANG_ANALYZER_NONNULL = YES;
				CLANG_ANALYZER_NUMBER_OBJECT_CONVERSION = YES_AGGRESSIVE;
				CLANG_CXX_LANGUAGE_STANDARD = "gnu++14";
				CLANG_CXX_LIBRARY = "libc++";
				CLANG_ENABLE_MODULES = YES;
				CLANG_ENABLE_OBJC_ARC = YES;
				CLANG_ENABLE_OBJC_WEAK = YES;
				CLANG_WARN_BLOCK_CAPTURE_AUTORELEASING = YES;
				CLANG_WARN_BOOL_CONVERSION = YES;
				CLANG_WARN_COMMA = YES;
				CLANG_WARN_CONSTANT_CONVERSION = YES;
				CLANG_WARN_DEPRECATED_OBJC_IMPLEMENTATIONS = YES;
				CLANG_WARN_DIRECT_OBJC_ISA_USAGE = YES_ERROR;
				CLANG_WARN_DOCUMENTATION_COMMENTS = YES;
				CLANG_WARN_EMPTY_BODY = YES;
				CLANG_WARN_ENUM_CONVERSION = YES;
				CLANG_WARN_INFINITE_RECURSION = YES;
				CLANG_WARN_INT_CONVERSION = YES;
				CLANG_WARN_NON_LITERAL_NULL_CONVERSION = YES;
				CLANG_WARN_OBJC_IMPLICIT_RETAIN_SELF = YES;
				CLANG_WARN_OBJC_LITERAL_CONVERSION = YES;
				CLANG_WARN_OBJC_ROOT_CLASS = YES_ERROR;
				CLANG_WARN_RANGE_LOOP_ANALYSIS = YES;
				CLANG_WARN_STRICT_PROTOTYPES = YES;
				CLANG_WARN_SUSPICIOUS_MOVE = YES;
				CLANG_WARN_UNGUARDED_AVAILABILITY = YES_AGGRESSIVE;
				CLANG_WARN_UNREACHABLE_CODE = YES;
				CLANG_WARN__DUPLICATE_METHOD_MATCH = YES;
				COPY_PHASE_STRIP = NO;
				DEBUG_INFORMATION_FORMAT = "dwarf-with-dsym";
				ENABLE_NS_ASSERTIONS = NO;
				ENABLE_STRICT_OBJC_MSGSEND = YES;
				GCC_C_LANGUAGE_STANDARD = gnu11;
				GCC_NO_COMMON_BLOCKS = YES;
				GCC_WARN_64_TO_32_BIT_CONVERSION = YES;
				GCC_WARN_ABOUT_RETURN_TYPE = YES_ERROR;
				GCC_WARN_UNDECLARED_SELECTOR = YES;
				GCC_WARN_UNINITIALIZED_AUTOS = YES_AGGRESSIVE;
				GCC_WARN_UNUSED_FUNCTION = YES;
				GCC_WARN_UNUSED_VARIABLE = YES;
				IPHONEOS_DEPLOYMENT_TARGET = 13.2;
				MTL_ENABLE_DEBUG_INFO = NO;
				MTL_FAST_MATH = YES;
				SDKROOT = iphoneos;
				SWIFT_COMPILATION_MODE = wholemodule;
				SWIFT_OPTIMIZATION_LEVEL = "-O";
				VALIDATE_PRODUCT = YES;
			};
			name = Release;
		};
		A1D07F7824181B74008ED1AE /* Debug */ = {
			isa = XCBuildConfiguration;
			buildSettings = {
				ASSETCATALOG_COMPILER_APPICON_NAME = AppIcon;
				CODE_SIGN_STYLE = Automatic;
				INFOPLIST_FILE = ElectroPoints/Info.plist;
				LD_RUNPATH_SEARCH_PATHS = (
					"$(inherited)",
					"@executable_path/Frameworks",
				);
				PRODUCT_BUNDLE_IDENTIFIER = io.github.airamrguez.electropoints.ElectroPoints;
				PRODUCT_NAME = "$(TARGET_NAME)";
				SWIFT_VERSION = 5.0;
				TARGETED_DEVICE_FAMILY = "1,2";
			};
			name = Debug;
		};
		A1D07F7924181B74008ED1AE /* Release */ = {
			isa = XCBuildConfiguration;
			buildSettings = {
				ASSETCATALOG_COMPILER_APPICON_NAME = AppIcon;
				CODE_SIGN_STYLE = Automatic;
				INFOPLIST_FILE = ElectroPoints/Info.plist;
				LD_RUNPATH_SEARCH_PATHS = (
					"$(inherited)",
					"@executable_path/Frameworks",
				);
				PRODUCT_BUNDLE_IDENTIFIER = io.github.airamrguez.electropoints.ElectroPoints;
				PRODUCT_NAME = "$(TARGET_NAME)";
				SWIFT_VERSION = 5.0;
				TARGETED_DEVICE_FAMILY = "1,2";
			};
			name = Release;
		};
/* End XCBuildConfiguration section */

/* Begin XCConfigurationList section */
		A1D07F5E24181B70008ED1AE /* Build configuration list for PBXProject "ElectroPoints" */ = {
			isa = XCConfigurationList;
			buildConfigurations = (
				A1D07F7524181B74008ED1AE /* Debug */,
				A1D07F7624181B74008ED1AE /* Release */,
			);
			defaultConfigurationIsVisible = 0;
			defaultConfigurationName = Release;
		};
		A1D07F7724181B74008ED1AE /* Build configuration list for PBXNativeTarget "ElectroPoints" */ = {
			isa = XCConfigurationList;
			buildConfigurations = (
				A1D07F7824181B74008ED1AE /* Debug */,
				A1D07F7924181B74008ED1AE /* Release */,
			);
			defaultConfigurationIsVisible = 0;
			defaultConfigurationName = Release;
		};
/* End XCConfigurationList section */
	};
	rootObject = A1D07F5B24181B70008ED1AE /* Project object */;
}
